// !$*UTF8*$!
{
	archiveVersion = 1;
	classes = {
	};
	objectVersion = 46;
	objects = {

/* Begin PBXBuildFile section */
		A65E08CC1D68494B00A2D91F /* main.m in Sources */ = {isa = PBXBuildFile; fileRef = A65E08CB1D68494B00A2D91F /* main.m */; };
		A65E08CF1D68494B00A2D91F /* AppDelegate.m in Sources */ = {isa = PBXBuildFile; fileRef = A65E08CE1D68494B00A2D91F /* AppDelegate.m */; };
		A65E08D51D68494B00A2D91F /* Main.storyboard in Resources */ = {isa = PBXBuildFile; fileRef = A65E08D31D68494B00A2D91F /* Main.storyboard */; };
		A65E08D71D68494B00A2D91F /* Assets.xcassets in Resources */ = {isa = PBXBuildFile; fileRef = A65E08D61D68494B00A2D91F /* Assets.xcassets */; };
		A65E08DA1D68494B00A2D91F /* LaunchScreen.storyboard in Resources */ = {isa = PBXBuildFile; fileRef = A65E08D81D68494B00A2D91F /* LaunchScreen.storyboard */; };
		A65E08E51D68494B00A2D91F /* MSCustomLoginTests.m in Sources */ = {isa = PBXBuildFile; fileRef = A65E08E41D68494B00A2D91F /* MSCustomLoginTests.m */; };
		A65E08F91D68496A00A2D91F /* FourPingTransition.m in Sources */ = {isa = PBXBuildFile; fileRef = A65E08F01D68496A00A2D91F /* FourPingTransition.m */; };
		A65E08FA1D68496A00A2D91F /* LYTextField.m in Sources */ = {isa = PBXBuildFile; fileRef = A65E08F21D68496A00A2D91F /* LYTextField.m */; };
		A65E08FB1D68496A00A2D91F /* LYButton.m in Sources */ = {isa = PBXBuildFile; fileRef = A65E08F41D68496A00A2D91F /* LYButton.m */; };
		A65E08FC1D68496A00A2D91F /* LoginViewController.m in Sources */ = {isa = PBXBuildFile; fileRef = A65E08F61D68496A00A2D91F /* LoginViewController.m */; };
		A65E08FD1D68496A00A2D91F /* NextViewController.m in Sources */ = {isa = PBXBuildFile; fileRef = A65E08F81D68496A00A2D91F /* NextViewController.m */; };
		A65E08FF1D68497300A2D91F /* pic1.jpg in Resources */ = {isa = PBXBuildFile; fileRef = A65E08FE1D68497300A2D91F /* pic1.jpg */; };
/* End PBXBuildFile section */

/* Begin PBXContainerItemProxy section */
		A65E08E11D68494B00A2D91F /* PBXContainerItemProxy */ = {
			isa = PBXContainerItemProxy;
			containerPortal = A65E08BF1D68494A00A2D91F /* Project object */;
			proxyType = 1;
			remoteGlobalIDString = A65E08C61D68494A00A2D91F;
			remoteInfo = MSCustomLogin;
		};
/* End PBXContainerItemProxy section */

/* Begin PBXFileReference section */
		A65E08C71D68494A00A2D91F /* MSCustomLogin.app */ = {isa = PBXFileReference; explicitFileType = wrapper.application; includeInIndex = 0; path = MSCustomLogin.app; sourceTree = BUILT_PRODUCTS_DIR; };
		A65E08CB1D68494B00A2D91F /* main.m */ = {isa = PBXFileReference; lastKnownFileType = sourcecode.c.objc; path = main.m; sourceTree = "<group>"; };
		A65E08CD1D68494B00A2D91F /* AppDelegate.h */ = {isa = PBXFileReference; lastKnownFileType = sourcecode.c.h; path = AppDelegate.h; sourceTree = "<group>"; };
		A65E08CE1D68494B00A2D91F /* AppDelegate.m */ = {isa = PBXFileReference; lastKnownFileType = sourcecode.c.objc; path = AppDelegate.m; sourceTree = "<group>"; };
		A65E08D41D68494B00A2D91F /* Base */ = {isa = PBXFileReference; lastKnownFileType = file.storyboard; name = Base; path = Base.lproj/Main.storyboard; sourceTree = "<group>"; };
		A65E08D61D68494B00A2D91F /* Assets.xcassets */ = {isa = PBXFileReference; lastKnownFileType = folder.assetcatalog; path = Assets.xcassets; sourceTree = "<group>"; };
		A65E08D91D68494B00A2D91F /* Base */ = {isa = PBXFileReference; lastKnownFileType = file.storyboard; name = Base; path = Base.lproj/LaunchScreen.storyboard; sourceTree = "<group>"; };
		A65E08DB1D68494B00A2D91F /* Info.plist */ = {isa = PBXFileReference; lastKnownFileType = text.plist.xml; path = Info.plist; sourceTree = "<group>"; };
		A65E08E01D68494B00A2D91F /* MSCustomLoginTests.xctest */ = {isa = PBXFileReference; explicitFileType = wrapper.cfbundle; includeInIndex = 0; path = MSCustomLoginTests.xctest; sourceTree = BUILT_PRODUCTS_DIR; };
		A65E08E41D68494B00A2D91F /* MSCustomLoginTests.m */ = {isa = PBXFileReference; lastKnownFileType = sourcecode.c.objc; path = MSCustomLoginTests.m; sourceTree = "<group>"; };
		A65E08E61D68494B00A2D91F /* Info.plist */ = {isa = PBXFileReference; lastKnownFileType = text.plist.xml; path = Info.plist; sourceTree = "<group>"; };
		A65E08EF1D68496A00A2D91F /* FourPingTransition.h */ = {isa = PBXFileReference; fileEncoding = 4; lastKnownFileType = sourcecode.c.h; path = FourPingTransition.h; sourceTree = "<group>"; };
		A65E08F01D68496A00A2D91F /* FourPingTransition.m */ = {isa = PBXFileReference; fileEncoding = 4; lastKnownFileType = sourcecode.c.objc; path = FourPingTransition.m; sourceTree = "<group>"; };
		A65E08F11D68496A00A2D91F /* LYTextField.h */ = {isa = PBXFileReference; fileEncoding = 4; lastKnownFileType = sourcecode.c.h; path = LYTextField.h; sourceTree = "<group>"; };
		A65E08F21D68496A00A2D91F /* LYTextField.m */ = {isa = PBXFileReference; fileEncoding = 4; lastKnownFileType = sourcecode.c.objc; path = LYTextField.m; sourceTree = "<group>"; };
		A65E08F31D68496A00A2D91F /* LYButton.h */ = {isa = PBXFileReference; fileEncoding = 4; lastKnownFileType = sourcecode.c.h; path = LYButton.h; sourceTree = "<group>"; };
		A65E08F41D68496A00A2D91F /* LYButton.m */ = {isa = PBXFileReference; fileEncoding = 4; lastKnownFileType = sourcecode.c.objc; path = LYButton.m; sourceTree = "<group>"; };
		A65E08F51D68496A00A2D91F /* LoginViewController.h */ = {isa = PBXFileReference; fileEncoding = 4; lastKnownFileType = sourcecode.c.h; path = LoginViewController.h; sourceTree = "<group>"; };
		A65E08F61D68496A00A2D91F /* LoginViewController.m */ = {isa = PBXFileReference; fileEncoding = 4; lastKnownFileType = sourcecode.c.objc; path = LoginViewController.m; sourceTree = "<group>"; };
		A65E08F71D68496A00A2D91F /* NextViewController.h */ = {isa = PBXFileReference; fileEncoding = 4; lastKnownFileType = sourcecode.c.h; path = NextViewController.h; sourceTree = "<group>"; };
		A65E08F81D68496A00A2D91F /* NextViewController.m */ = {isa = PBXFileReference; fileEncoding = 4; lastKnownFileType = sourcecode.c.objc; path = NextViewController.m; sourceTree = "<group>"; };
		A65E08FE1D68497300A2D91F /* pic1.jpg */ = {isa = PBXFileReference; lastKnownFileType = image.jpeg; path = pic1.jpg; sourceTree = "<group>"; };
/* End PBXFileReference section */

/* Begin PBXFrameworksBuildPhase section */
		A65E08C41D68494A00A2D91F /* Frameworks */ = {
			isa = PBXFrameworksBuildPhase;
			buildActionMask = 2147483647;
			files = (
			);
			runOnlyForDeploymentPostprocessing = 0;
		};
		A65E08DD1D68494B00A2D91F /* Frameworks */ = {
			isa = PBXFrameworksBuildPhase;
			buildActionMask = 2147483647;
			files = (
			);
			runOnlyForDeploymentPostprocessing = 0;
		};
/* End PBXFrameworksBuildPhase section */

/* Begin PBXGroup section */
		A65E08BE1D68494A00A2D91F = {
			isa = PBXGroup;
			children = (
				A65E08C91D68494B00A2D91F /* MSCustomLogin */,
				A65E08E31D68494B00A2D91F /* MSCustomLoginTests */,
				A65E08C81D68494A00A2D91F /* Products */,
			);
			sourceTree = "<group>";
		};
		A65E08C81D68494A00A2D91F /* Products */ = {
			isa = PBXGroup;
			children = (
				A65E08C71D68494A00A2D91F /* MSCustomLogin.app */,
				A65E08E01D68494B00A2D91F /* MSCustomLoginTests.xctest */,
			);
			name = Products;
			sourceTree = "<group>";
		};
		A65E08C91D68494B00A2D91F /* MSCustomLogin */ = {
			isa = PBXGroup;
			children = (
				A65E08CD1D68494B00A2D91F /* AppDelegate.h */,
				A65E08CE1D68494B00A2D91F /* AppDelegate.m */,
				A65E08EF1D68496A00A2D91F /* FourPingTransition.h */,
				A65E08F01D68496A00A2D91F /* FourPingTransition.m */,
				A65E08F11D68496A00A2D91F /* LYTextField.h */,
				A65E08F21D68496A00A2D91F /* LYTextField.m */,
				A65E08F31D68496A00A2D91F /* LYButton.h */,
				A65E08F41D68496A00A2D91F /* LYButton.m */,
				A65E08F51D68496A00A2D91F /* LoginViewController.h */,
				A65E08F61D68496A00A2D91F /* LoginViewController.m */,
				A65E08F71D68496A00A2D91F /* NextViewController.h */,
				A65E08F81D68496A00A2D91F /* NextViewController.m */,
				A65E08D31D68494B00A2D91F /* Main.storyboard */,
				A65E08D61D68494B00A2D91F /* Assets.xcassets */,
				A65E08FE1D68497300A2D91F /* pic1.jpg */,
				A65E08D81D68494B00A2D91F /* LaunchScreen.storyboard */,
				A65E08DB1D68494B00A2D91F /* Info.plist */,
				A65E08CA1D68494B00A2D91F /* Supporting Files */,
			);
			path = MSCustomLogin;
			sourceTree = "<group>";
		};
		A65E08CA1D68494B00A2D91F /* Supporting Files */ = {
			isa = PBXGroup;
			children = (
				A65E08CB1D68494B00A2D91F /* main.m */,
			);
			name = "Supporting Files";
			sourceTree = "<group>";
		};
		A65E08E31D68494B00A2D91F /* MSCustomLoginTests */ = {
			isa = PBXGroup;
			children = (
				A65E08E41D68494B00A2D91F /* MSCustomLoginTests.m */,
				A65E08E61D68494B00A2D91F /* Info.plist */,
			);
			path = MSCustomLoginTests;
			sourceTree = "<group>";
		};
/* End PBXGroup section */

/* Begin PBXNativeTarget section */
		A65E08C61D68494A00A2D91F /* MSCustomLogin */ = {
			isa = PBXNativeTarget;
			buildConfigurationList = A65E08E91D68494B00A2D91F /* Build configuration list for PBXNativeTarget "MSCustomLogin" */;
			buildPhases = (
				A65E08C31D68494A00A2D91F /* Sources */,
				A65E08C41D68494A00A2D91F /* Frameworks */,
				A65E08C51D68494A00A2D91F /* Resources */,
			);
			buildRules = (
			);
			dependencies = (
			);
			name = MSCustomLogin;
			productName = MSCustomLogin;
			productReference = A65E08C71D68494A00A2D91F /* MSCustomLogin.app */;
			productType = "com.apple.product-type.application";
		};
		A65E08DF1D68494B00A2D91F /* MSCustomLoginTests */ = {
			isa = PBXNativeTarget;
			buildConfigurationList = A65E08EC1D68494B00A2D91F /* Build configuration list for PBXNativeTarget "MSCustomLoginTests" */;
			buildPhases = (
				A65E08DC1D68494B00A2D91F /* Sources */,
				A65E08DD1D68494B00A2D91F /* Frameworks */,
				A65E08DE1D68494B00A2D91F /* Resources */,
			);
			buildRules = (
			);
			dependencies = (
				A65E08E21D68494B00A2D91F /* PBXTargetDependency */,
			);
			name = MSCustomLoginTests;
			productName = MSCustomLoginTests;
			productReference = A65E08E01D68494B00A2D91F /* MSCustomLoginTests.xctest */;
			productType = "com.apple.product-type.bundle.unit-test";
		};
/* End PBXNativeTarget section */

/* Begin PBXProject section */
		A65E08BF1D68494A00A2D91F /* Project object */ = {
			isa = PBXProject;
			attributes = {
				LastUpgradeCheck = 0730;
				ORGANIZATIONNAME = mr.scorpion;
				TargetAttributes = {
					A65E08C61D68494A00A2D91F = {
						CreatedOnToolsVersion = 7.3.1;
						DevelopmentTeam = GXHE3742MX;
					};
					A65E08DF1D68494B00A2D91F = {
						CreatedOnToolsVersion = 7.3.1;
						DevelopmentTeam = GXHE3742MX;
						TestTargetID = A65E08C61D68494A00A2D91F;
					};
				};
			};
			buildConfigurationList = A65E08C21D68494A00A2D91F /* Build configuration list for PBXProject "MSCustomLogin" */;
			compatibilityVersion = "Xcode 3.2";
			developmentRegion = English;
			hasScannedForEncodings = 0;
			knownRegions = (
				en,
				Base,
			);
			mainGroup = A65E08BE1D68494A00A2D91F;
			productRefGroup = A65E08C81D68494A00A2D91F /* Products */;
			projectDirPath = "";
			projectRoot = "";
			targets = (
				A65E08C61D68494A00A2D91F /* MSCustomLogin */,
				A65E08DF1D68494B00A2D91F /* MSCustomLoginTests */,
			);
		};
/* End PBXProject section */

/* Begin PBXResourcesBuildPhase section */
		A65E08C51D68494A00A2D91F /* Resources */ = {
			isa = PBXResourcesBuildPhase;
			buildActionMask = 2147483647;
			files = (
				A65E08FF1D68497300A2D91F /* pic1.jpg in Resources */,
				A65E08DA1D68494B00A2D91F /* LaunchScreen.storyboard in Resources */,
				A65E08D71D68494B00A2D91F /* Assets.xcassets in Resources */,
				A65E08D51D68494B00A2D91F /* Main.storyboard in Resources */,
			);
			runOnlyForDeploymentPostprocessing = 0;
		};
		A65E08DE1D68494B00A2D91F /* Resources */ = {
			isa = PBXResourcesBuildPhase;
			buildActionMask = 2147483647;
			files = (
			);
			runOnlyForDeploymentPostprocessing = 0;
		};
/* End PBXResourcesBuildPhase section */

/* Begin PBXSourcesBuildPhase section */
		A65E08C31D68494A00A2D91F /* Sources */ = {
			isa = PBXSourcesBuildPhase;
			buildActionMask = 2147483647;
			files = (
				A65E08FA1D68496A00A2D91F /* LYTextField.m in Sources */,
				A65E08F91D68496A00A2D91F /* FourPingTransition.m in Sources */,
				A65E08CF1D68494B00A2D91F /* AppDelegate.m in Sources */,
				A65E08FC1D68496A00A2D91F /* LoginViewController.m in Sources */,
				A65E08FD1D68496A00A2D91F /* NextViewController.m in Sources */,
				A65E08FB1D68496A00A2D91F /* LYButton.m in Sources */,
				A65E08CC1D68494B00A2D91F /* main.m in Sources */,
			);
			runOnlyForDeploymentPostprocessing = 0;
		};
		A65E08DC1D68494B00A2D91F /* Sources */ = {
			isa = PBXSourcesBuildPhase;
			buildActionMask = 2147483647;
			files = (
				A65E08E51D68494B00A2D91F /* MSCustomLoginTests.m in Sources */,
			);
			runOnlyForDeploymentPostprocessing = 0;
		};
/* End PBXSourcesBuildPhase section */

/* Begin PBXTargetDependency section */
		A65E08E21D68494B00A2D91F /* PBXTargetDependency */ = {
			isa = PBXTargetDependency;
			target = A65E08C61D68494A00A2D91F /* MSCustomLogin */;
			targetProxy = A65E08E11D68494B00A2D91F /* PBXContainerItemProxy */;
		};
/* End PBXTargetDependency section */

/* Begin PBXVariantGroup section */
		A65E08D31D68494B00A2D91F /* Main.storyboard */ = {
			isa = PBXVariantGroup;
			children = (
				A65E08D41D68494B00A2D91F /* Base */,
			);
			name = Main.storyboard;
			sourceTree = "<group>";
		};
		A65E08D81D68494B00A2D91F /* LaunchScreen.storyboard */ = {
			isa = PBXVariantGroup;
			children = (
				A65E08D91D68494B00A2D91F /* Base */,
			);
			name = LaunchScreen.storyboard;
			sourceTree = "<group>";
		};
/* End PBXVariantGroup section */

/* Begin XCBuildConfiguration section */
		A65E08E71D68494B00A2D91F /* Debug */ = {
			isa = XCBuildConfiguration;
			buildSettings = {
				ALWAYS_SEARCH_USER_PATHS = NO;
				CLANG_ANALYZER_NONNULL = YES;
				CLANG_CXX_LANGUAGE_STANDARD = "gnu++0x";
				CLANG_CXX_LIBRARY = "libc++";
				CLANG_ENABLE_MODULES = YES;
				CLANG_ENABLE_OBJC_ARC = YES;
				CLANG_WARN_BOOL_CONVERSION = YES;
				CLANG_WARN_CONSTANT_CONVERSION = YES;
				CLANG_WARN_DIRECT_OBJC_ISA_USAGE = YES_ERROR;
				CLANG_WARN_EMPTY_BODY = YES;
				CLANG_WARN_ENUM_CONVERSION = YES;
				CLANG_WARN_INT_CONVERSION = YES;
				CLANG_WARN_OBJC_ROOT_CLASS = YES_ERROR;
				CLANG_WARN_UNREACHABLE_CODE = YES;
				CLANG_WARN__DUPLICATE_METHOD_MATCH = YES;
				"CODE_SIGN_IDENTITY[sdk=iphoneos*]" = "iPhone Developer";
				COPY_PHASE_STRIP = NO;
				DEBUG_INFORMATION_FORMAT = dwarf;
				ENABLE_STRICT_OBJC_MSGSEND = YES;
				ENABLE_TESTABILITY = YES;
				GCC_C_LANGUAGE_STANDARD = gnu99;
				GCC_DYNAMIC_NO_PIC = NO;
				GCC_NO_COMMON_BLOCKS = YES;
				GCC_OPTIMIZATION_LEVEL = 0;
				GCC_PREPROCESSOR_DEFINITIONS = (
					"DEBUG=1",
					"$(inherited)",
				);
				GCC_WARN_64_TO_32_BIT_CONVERSION = YES;
				GCC_WARN_ABOUT_RETURN_TYPE = YES_ERROR;
				GCC_WARN_UNDECLARED_SELECTOR = YES;
				GCC_WARN_UNINITIALIZED_AUTOS = YES_AGGRESSIVE;
				GCC_WARN_UNUSED_FUNCTION = YES;
				GCC_WARN_UNUSED_VARIABLE = YES;
				IPHONEOS_DEPLOYMENT_TARGET = 9.3;
				MTL_ENABLE_DEBUG_INFO = YES;
				ONLY_ACTIVE_ARCH = YES;
				SDKROOT = iphoneos;
			};
			name = Debug;
		};
		A65E08E81D68494B00A2D91F /* Release */ = {
			isa = XCBuildConfiguration;
			buildSettings = {
				ALWAYS_SEARCH_USER_PATHS = NO;
				CLANG_ANALYZER_NONNULL = YES;
				CLANG_CXX_LANGUAGE_STANDARD = "gnu++0x";
				CLANG_CXX_LIBRARY = "libc++";
				CLANG_ENABLE_MODULES = YES;
				CLANG_ENABLE_OBJC_ARC = YES;
				CLANG_WARN_BOOL_CONVERSION = YES;
				CLANG_WARN_CONSTANT_CONVERSION = YES;
				CLANG_WARN_DIRECT_OBJC_ISA_USAGE = YES_ERROR;
				CLANG_WARN_EMPTY_BODY = YES;
				CLANG_WARN_ENUM_CONVERSION = YES;
				CLANG_WARN_INT_CONVERSION = YES;
				CLANG_WARN_OBJC_ROOT_CLASS = YES_ERROR;
				CLANG_WARN_UNREACHABLE_CODE = YES;
				CLANG_WARN__DUPLICATE_METHOD_MATCH = YES;
				"CODE_SIGN_IDENTITY[sdk=iphoneos*]" = "iPhone Developer";
				COPY_PHASE_STRIP = NO;
				DEBUG_INFORMATION_FORMAT = "dwarf-with-dsym";
				ENABLE_NS_ASSERTIONS = NO;
				ENABLE_STRICT_OBJC_MSGSEND = YES;
				GCC_C_LANGUAGE_STANDARD = gnu99;
				GCC_NO_COMMON_BLOCKS = YES;
				GCC_WARN_64_TO_32_BIT_CONVERSION = YES;
				GCC_WARN_ABOUT_RETURN_TYPE = YES_ERROR;
				GCC_WARN_UNDECLARED_SELECTOR = YES;
				GCC_WARN_UNINITIALIZED_AUTOS = YES_AGGRESSIVE;
				GCC_WARN_UNUSED_FUNCTION = YES;
				GCC_WARN_UNUSED_VARIABLE = YES;
				IPHONEOS_DEPLOYMENT_TARGET = 9.3;
				MTL_ENABLE_DEBUG_INFO = NO;
				SDKROOT = iphoneos;
				VALIDATE_PRODUCT = YES;
			};
			name = Release;
		};
		A65E08EA1D68494B00A2D91F /* Debug */ = {
			isa = XCBuildConfiguration;
			buildSettings = {
				ASSETCATALOG_COMPILER_APPICON_NAME = AppIcon;
				INFOPLIST_FILE = MSCustomLogin/Info.plist;
				LD_RUNPATH_SEARCH_PATHS = "$(inherited) @executable_path/Frameworks";
				PRODUCT_BUNDLE_IDENTIFIER = mr.scorpion.MSCustomLogin;
				PRODUCT_NAME = "$(TARGET_NAME)";
			};
			name = Debug;
		};
		A65E08EB1D68494B00A2D91F /* Release */ = {
			isa = XCBuildConfiguration;
			buildSettings = {
				ASSETCATALOG_COMPILER_APPICON_NAME = AppIcon;
				INFOPLIST_FILE = MSCustomLogin/Info.plist;
				LD_RUNPATH_SEARCH_PATHS = "$(inherited) @executable_path/Frameworks";
				PRODUCT_BUNDLE_IDENTIFIER = mr.scorpion.MSCustomLogin;
				PRODUCT_NAME = "$(TARGET_NAME)";
			};
			name = Release;
		};
		A65E08ED1D68494B00A2D91F /* Debug */ = {
			isa = XCBuildConfiguration;
			buildSettings = {
				BUNDLE_LOADER = "$(TEST_HOST)";
				INFOPLIST_FILE = MSCustomLoginTests/Info.plist;
				LD_RUNPATH_SEARCH_PATHS = "$(inherited) @executable_path/Frameworks @loader_path/Frameworks";
				PRODUCT_BUNDLE_IDENTIFIER = mr.scorpion.MSCustomLoginTests;
				PRODUCT_NAME = "$(TARGET_NAME)";
				TEST_HOST = "$(BUILT_PRODUCTS_DIR)/MSCustomLogin.app/MSCustomLogin";
			};
			name = Debug;
		};
		A65E08EE1D68494B00A2D91F /* Release */ = {
			isa = XCBuildConfiguration;
			buildSettings = {
				BUNDLE_LOADER = "$(TEST_HOST)";
				INFOPLIST_FILE = MSCustomLoginTests/Info.plist;
				LD_RUNPATH_SEARCH_PATHS = "$(inherited) @executable_path/Frameworks @loader_path/Frameworks";
				PRODUCT_BUNDLE_IDENTIFIER = mr.scorpion.MSCustomLoginTests;
				PRODUCT_NAME = "$(TARGET_NAME)";
				TEST_HOST = "$(BUILT_PRODUCTS_DIR)/MSCustomLogin.app/MSCustomLogin";
			};
			name = Release;
		};
/* End XCBuildConfiguration section */

/* Begin XCConfigurationList section */
		A65E08C21D68494A00A2D91F /* Build configuration list for PBXProject "MSCustomLogin" */ = {
			isa = XCConfigurationList;
			buildConfigurations = (
				A65E08E71D68494B00A2D91F /* Debug */,
				A65E08E81D68494B00A2D91F /* Release */,
			);
			defaultConfigurationIsVisible = 0;
			defaultConfigurationName = Release;
		};
		A65E08E91D68494B00A2D91F /* Build configuration list for PBXNativeTarget "MSCustomLogin" */ = {
			isa = XCConfigurationList;
			buildConfigurations = (
				A65E08EA1D68494B00A2D91F /* Debug */,
				A65E08EB1D68494B00A2D91F /* Release */,
			);
			defaultConfigurationIsVisible = 0;
		};
		A65E08EC1D68494B00A2D91F /* Build configuration list for PBXNativeTarget "MSCustomLoginTests" */ = {
			isa = XCConfigurationList;
			buildConfigurations = (
				A65E08ED1D68494B00A2D91F /* Debug */,
				A65E08EE1D68494B00A2D91F /* Release */,
			);
			defaultConfigurationIsVisible = 0;
		};
/* End XCConfigurationList section */
	};
	rootObject = A65E08BF1D68494A00A2D91F /* Project object */;
}
